
Microsoft Visual Studio Solution File, Format Version 12.00
# Visual Studio Version 16
VisualStudioVersion = 16.0.32602.291
MinimumVisualStudioVersion = 10.0.40219.1
Project("{FAE04EC0-301F-11D3-BF4B-00C04F79EFBC}") = "Bai2_ThucHanhSuDungToanTu", "Bai2_ThucHanhSuDungToanTu\Bai2_ThucHanhSuDungToanTu.csproj", "{1C85FAF4-9283-40C8-84BA-2EBC409C00FE}"
EndProject
Global
	GlobalSection(SolutionConfigurationPlatforms) = preSolution
		Debug|Any CPU = Debug|Any CPU
		Release|Any CPU = Release|Any CPU
	EndGlobalSection
	GlobalSection(ProjectConfigurationPlatforms) = postSolution
		{1C85FAF4-9283-40C8-84BA-2EBC409C00FE}.Debug|Any CPU.ActiveCfg = Debug|Any CPU
		{1C85FAF4-9283-40C8-84BA-2EBC409C00FE}.Debug|Any CPU.Build.0 = Debug|Any CPU
		{1C85FAF4-9283-40C8-84BA-2EBC409C00FE}.Release|Any CPU.ActiveCfg = Release|Any CPU
		{1C85FAF4-9283-40C8-84BA-2EBC409C00FE}.Release|Any CPU.Build.0 = Release|Any CPU
	EndGlobalSection
	GlobalSection(SolutionProperties) = preSolution
		HideSolutionNode = FALSE
	EndGlobalSection
	GlobalSection(ExtensibilityGlobals) = postSolution
		SolutionGuid = {E914C774-374D-43A0-8B47-4E135A1EFC07}
	EndGlobalSection
EndGlobal
