
Microsoft Visual Studio Solution File, Format Version 12.00
# Visual Studio Version 16
VisualStudioVersion = 16.0.32602.291
MinimumVisualStudioVersion = 10.0.40219.1
Project("{FAE04EC0-301F-11D3-BF4B-00C04F79EFBC}") = "Bai5_TH_TinhChiSoCanNang", "Bai5_TH_TinhChiSoCanNang\Bai5_TH_TinhChiSoCanNang.csproj", "{F278FF49-A26E-4C5B-B1F5-2C8E2A6373FD}"
EndProject
Global
	GlobalSection(SolutionConfigurationPlatforms) = preSolution
		Debug|Any CPU = Debug|Any CPU
		Release|Any CPU = Release|Any CPU
	EndGlobalSection
	GlobalSection(ProjectConfigurationPlatforms) = postSolution
		{F278FF49-A26E-4C5B-B1F5-2C8E2A6373FD}.Debug|Any CPU.ActiveCfg = Debug|Any CPU
		{F278FF49-A26E-4C5B-B1F5-2C8E2A6373FD}.Debug|Any CPU.Build.0 = Debug|Any CPU
		{F278FF49-A26E-4C5B-B1F5-2C8E2A6373FD}.Release|Any CPU.ActiveCfg = Release|Any CPU
		{F278FF49-A26E-4C5B-B1F5-2C8E2A6373FD}.Release|Any CPU.Build.0 = Release|Any CPU
	EndGlobalSection
	GlobalSection(SolutionProperties) = preSolution
		HideSolutionNode = FALSE
	EndGlobalSection
	GlobalSection(ExtensibilityGlobals) = postSolution
		SolutionGuid = {44B18585-063E-4D24-B0AB-92FD464FAB86}
	EndGlobalSection
EndGlobal
