
Microsoft Visual Studio Solution File, Format Version 12.00
# Visual Studio Version 16
VisualStudioVersion = 16.0.32602.291
MinimumVisualStudioVersion = 10.0.40219.1
Project("{FAE04EC0-301F-11D3-BF4B-00C04F79EFBC}") = "DemSoLanXuatHien", "DemSoLanXuatHien\DemSoLanXuatHien.csproj", "{248C9314-6DA0-4E09-9228-A0F8618E853A}"
EndProject
Global
	GlobalSection(SolutionConfigurationPlatforms) = preSolution
		Debug|Any CPU = Debug|Any CPU
		Release|Any CPU = Release|Any CPU
	EndGlobalSection
	GlobalSection(ProjectConfigurationPlatforms) = postSolution
		{248C9314-6DA0-4E09-9228-A0F8618E853A}.Debug|Any CPU.ActiveCfg = Debug|Any CPU
		{248C9314-6DA0-4E09-9228-A0F8618E853A}.Debug|Any CPU.Build.0 = Debug|Any CPU
		{248C9314-6DA0-4E09-9228-A0F8618E853A}.Release|Any CPU.ActiveCfg = Release|Any CPU
		{248C9314-6DA0-4E09-9228-A0F8618E853A}.Release|Any CPU.Build.0 = Release|Any CPU
	EndGlobalSection
	GlobalSection(SolutionProperties) = preSolution
		HideSolutionNode = FALSE
	EndGlobalSection
	GlobalSection(ExtensibilityGlobals) = postSolution
		SolutionGuid = {4A5712EC-E43B-407D-8B25-136113035688}
	EndGlobalSection
EndGlobal
