
Microsoft Visual Studio Solution File, Format Version 12.00
# Visual Studio Version 16
VisualStudioVersion = 16.0.32602.291
MinimumVisualStudioVersion = 10.0.40219.1
Project("{FAE04EC0-301F-11D3-BF4B-00C04F79EFBC}") = "StopWatch", "StopWatch\StopWatch.csproj", "{B80520A7-65D8-4FD3-95EC-974EF1973B11}"
EndProject
Global
	GlobalSection(SolutionConfigurationPlatforms) = preSolution
		Debug|Any CPU = Debug|Any CPU
		Release|Any CPU = Release|Any CPU
	EndGlobalSection
	GlobalSection(ProjectConfigurationPlatforms) = postSolution
		{B80520A7-65D8-4FD3-95EC-974EF1973B11}.Debug|Any CPU.ActiveCfg = Debug|Any CPU
		{B80520A7-65D8-4FD3-95EC-974EF1973B11}.Debug|Any CPU.Build.0 = Debug|Any CPU
		{B80520A7-65D8-4FD3-95EC-974EF1973B11}.Release|Any CPU.ActiveCfg = Release|Any CPU
		{B80520A7-65D8-4FD3-95EC-974EF1973B11}.Release|Any CPU.Build.0 = Release|Any CPU
	EndGlobalSection
	GlobalSection(SolutionProperties) = preSolution
		HideSolutionNode = FALSE
	EndGlobalSection
	GlobalSection(ExtensibilityGlobals) = postSolution
		SolutionGuid = {87685AF6-ED85-40A1-ABE4-8D13F653FE08}
	EndGlobalSection
EndGlobal
