
Microsoft Visual Studio Solution File, Format Version 12.00
# Visual Studio Version 16
VisualStudioVersion = 16.0.32602.291
MinimumVisualStudioVersion = 10.0.40219.1
Project("{FAE04EC0-301F-11D3-BF4B-00C04F79EFBC}") = "Sum2", "Sum2\Sum2.csproj", "{6E2BDAC7-6499-440C-9CE7-678798D7EA74}"
EndProject
Global
	GlobalSection(SolutionConfigurationPlatforms) = preSolution
		Debug|Any CPU = Debug|Any CPU
		Release|Any CPU = Release|Any CPU
	EndGlobalSection
	GlobalSection(ProjectConfigurationPlatforms) = postSolution
		{6E2BDAC7-6499-440C-9CE7-678798D7EA74}.Debug|Any CPU.ActiveCfg = Debug|Any CPU
		{6E2BDAC7-6499-440C-9CE7-678798D7EA74}.Debug|Any CPU.Build.0 = Debug|Any CPU
		{6E2BDAC7-6499-440C-9CE7-678798D7EA74}.Release|Any CPU.ActiveCfg = Release|Any CPU
		{6E2BDAC7-6499-440C-9CE7-678798D7EA74}.Release|Any CPU.Build.0 = Release|Any CPU
	EndGlobalSection
	GlobalSection(SolutionProperties) = preSolution
		HideSolutionNode = FALSE
	EndGlobalSection
	GlobalSection(ExtensibilityGlobals) = postSolution
		SolutionGuid = {D3104F03-BBC4-42E8-80C4-40144C47F266}
	EndGlobalSection
EndGlobal
