
Microsoft Visual Studio Solution File, Format Version 12.00
# Visual Studio Version 16
VisualStudioVersion = 16.0.32602.291
MinimumVisualStudioVersion = 10.0.40219.1
Project("{FAE04EC0-301F-11D3-BF4B-00C04F79EFBC}") = "TimGiaTri", "TimGiaTri\TimGiaTri.csproj", "{6105DBF6-5B79-48A5-BC06-E99931EC2172}"
EndProject
Global
	GlobalSection(SolutionConfigurationPlatforms) = preSolution
		Debug|Any CPU = Debug|Any CPU
		Release|Any CPU = Release|Any CPU
	EndGlobalSection
	GlobalSection(ProjectConfigurationPlatforms) = postSolution
		{6105DBF6-5B79-48A5-BC06-E99931EC2172}.Debug|Any CPU.ActiveCfg = Debug|Any CPU
		{6105DBF6-5B79-48A5-BC06-E99931EC2172}.Debug|Any CPU.Build.0 = Debug|Any CPU
		{6105DBF6-5B79-48A5-BC06-E99931EC2172}.Release|Any CPU.ActiveCfg = Release|Any CPU
		{6105DBF6-5B79-48A5-BC06-E99931EC2172}.Release|Any CPU.Build.0 = Release|Any CPU
	EndGlobalSection
	GlobalSection(SolutionProperties) = preSolution
		HideSolutionNode = FALSE
	EndGlobalSection
	GlobalSection(ExtensibilityGlobals) = postSolution
		SolutionGuid = {7437BADD-098A-46AC-8235-8666C12DA512}
	EndGlobalSection
EndGlobal
