
Microsoft Visual Studio Solution File, Format Version 12.00
# Visual Studio Version 16
VisualStudioVersion = 16.0.32602.291
MinimumVisualStudioVersion = 10.0.40219.1
Project("{FAE04EC0-301F-11D3-BF4B-00C04F79EFBC}") = "TimMax2", "TimMax2\TimMax2.csproj", "{94AAAB0A-0884-40FA-AA58-330E7E692186}"
EndProject
Global
	GlobalSection(SolutionConfigurationPlatforms) = preSolution
		Debug|Any CPU = Debug|Any CPU
		Release|Any CPU = Release|Any CPU
	EndGlobalSection
	GlobalSection(ProjectConfigurationPlatforms) = postSolution
		{94AAAB0A-0884-40FA-AA58-330E7E692186}.Debug|Any CPU.ActiveCfg = Debug|Any CPU
		{94AAAB0A-0884-40FA-AA58-330E7E692186}.Debug|Any CPU.Build.0 = Debug|Any CPU
		{94AAAB0A-0884-40FA-AA58-330E7E692186}.Release|Any CPU.ActiveCfg = Release|Any CPU
		{94AAAB0A-0884-40FA-AA58-330E7E692186}.Release|Any CPU.Build.0 = Release|Any CPU
	EndGlobalSection
	GlobalSection(SolutionProperties) = preSolution
		HideSolutionNode = FALSE
	EndGlobalSection
	GlobalSection(ExtensibilityGlobals) = postSolution
		SolutionGuid = {6F48ABEC-CA0B-44BD-847F-788C6869E63F}
	EndGlobalSection
EndGlobal
