
Microsoft Visual Studio Solution File, Format Version 12.00
# Visual Studio Version 16
VisualStudioVersion = 16.0.32602.291
MinimumVisualStudioVersion = 10.0.40219.1
Project("{FAE04EC0-301F-11D3-BF4B-00C04F79EFBC}") = "Trien khai IComparable", "Trien khai IComparable\Trien khai IComparable.csproj", "{24487EEB-C6E5-4E45-93DB-6A9046387850}"
EndProject
Global
	GlobalSection(SolutionConfigurationPlatforms) = preSolution
		Debug|Any CPU = Debug|Any CPU
		Release|Any CPU = Release|Any CPU
	EndGlobalSection
	GlobalSection(ProjectConfigurationPlatforms) = postSolution
		{24487EEB-C6E5-4E45-93DB-6A9046387850}.Debug|Any CPU.ActiveCfg = Debug|Any CPU
		{24487EEB-C6E5-4E45-93DB-6A9046387850}.Debug|Any CPU.Build.0 = Debug|Any CPU
		{24487EEB-C6E5-4E45-93DB-6A9046387850}.Release|Any CPU.ActiveCfg = Release|Any CPU
		{24487EEB-C6E5-4E45-93DB-6A9046387850}.Release|Any CPU.Build.0 = Release|Any CPU
	EndGlobalSection
	GlobalSection(SolutionProperties) = preSolution
		HideSolutionNode = FALSE
	EndGlobalSection
	GlobalSection(ExtensibilityGlobals) = postSolution
		SolutionGuid = {325AC4D2-5CCE-4950-85E5-163F6A131A82}
	EndGlobalSection
EndGlobal
