
Microsoft Visual Studio Solution File, Format Version 12.00
# Visual Studio Version 16
VisualStudioVersion = 16.0.32602.291
MinimumVisualStudioVersion = 10.0.40219.1
Project("{FAE04EC0-301F-11D3-BF4B-00C04F79EFBC}") = "trien khai IColorable", "trien khai IColorable\trien khai IColorable.csproj", "{74DA381F-8734-4B8A-A68C-5B154D54C296}"
EndProject
Global
	GlobalSection(SolutionConfigurationPlatforms) = preSolution
		Debug|Any CPU = Debug|Any CPU
		Release|Any CPU = Release|Any CPU
	EndGlobalSection
	GlobalSection(ProjectConfigurationPlatforms) = postSolution
		{74DA381F-8734-4B8A-A68C-5B154D54C296}.Debug|Any CPU.ActiveCfg = Debug|Any CPU
		{74DA381F-8734-4B8A-A68C-5B154D54C296}.Debug|Any CPU.Build.0 = Debug|Any CPU
		{74DA381F-8734-4B8A-A68C-5B154D54C296}.Release|Any CPU.ActiveCfg = Release|Any CPU
		{74DA381F-8734-4B8A-A68C-5B154D54C296}.Release|Any CPU.Build.0 = Release|Any CPU
	EndGlobalSection
	GlobalSection(SolutionProperties) = preSolution
		HideSolutionNode = FALSE
	EndGlobalSection
	GlobalSection(ExtensibilityGlobals) = postSolution
		SolutionGuid = {1BF5DEFE-958D-4DBF-8CAF-B2B17A6B8C9D}
	EndGlobalSection
EndGlobal
